
Microsoft Visual Studio Solution File, Format Version 12.00
# Visual Studio Version 17
VisualStudioVersion = 17.5.33627.172
MinimumVisualStudioVersion = 10.0.40219.1
Project("{FAE04EC0-301F-11D3-BF4B-00C04F79EFBC}") = "VanillaEvents", "VanillaEvents\VanillaEvents.csproj", "{B3234A3C-7638-4660-9FEF-551C36F62E81}"
EndProject
Global
	GlobalSection(SolutionConfigurationPlatforms) = preSolution
		Debug|Any CPU = Debug|Any CPU
		Release|Any CPU = Release|Any CPU
	EndGlobalSection
	GlobalSection(ProjectConfigurationPlatforms) = postSolution
		{B3234A3C-7638-4660-9FEF-551C36F62E81}.Debug|Any CPU.ActiveCfg = Debug|Any CPU
		{B3234A3C-7638-4660-9FEF-551C36F62E81}.Debug|Any CPU.Build.0 = Debug|Any CPU
		{B3234A3C-7638-4660-9FEF-551C36F62E81}.Release|Any CPU.ActiveCfg = Release|Any CPU
		{B3234A3C-7638-4660-9FEF-551C36F62E81}.Release|Any CPU.Build.0 = Release|Any CPU
	EndGlobalSection
	GlobalSection(SolutionProperties) = preSolution
		HideSolutionNode = FALSE
	EndGlobalSection
	GlobalSection(ExtensibilityGlobals) = postSolution
		SolutionGuid = {539DE53F-8DB5-47D1-8A33-471A22EB614A}
	EndGlobalSection
EndGlobal
